// !$*UTF8*$!
{
	archiveVersion = 1;
	classes = {
	};
	objectVersion = 46;
	objects = {

/* Begin PBXBuildFile section */
		D5301B4E1AD9A7EA00E0EB7A /* AppDelegate.swift in Sources */ = {isa = PBXBuildFile; fileRef = D5301B4D1AD9A7EA00E0EB7A /* AppDelegate.swift */; };
		D5301B501AD9A7EA00E0EB7A /* MasterViewController.swift in Sources */ = {isa = PBXBuildFile; fileRef = D5301B4F1AD9A7EA00E0EB7A /* MasterViewController.swift */; };
		D5301B521AD9A7EA00E0EB7A /* DetailViewController.swift in Sources */ = {isa = PBXBuildFile; fileRef = D5301B511AD9A7EA00E0EB7A /* DetailViewController.swift */; };
		D5301B551AD9A7EA00E0EB7A /* Main.storyboard in Resources */ = {isa = PBXBuildFile; fileRef = D5301B531AD9A7EA00E0EB7A /* Main.storyboard */; };
		D5301B571AD9A7EA00E0EB7A /* Images.xcassets in Resources */ = {isa = PBXBuildFile; fileRef = D5301B561AD9A7EA00E0EB7A /* Images.xcassets */; };
		D5301B5A1AD9A7EA00E0EB7A /* LaunchScreen.xib in Resources */ = {isa = PBXBuildFile; fileRef = D5301B581AD9A7EA00E0EB7A /* LaunchScreen.xib */; };
		D5301B661AD9A7EA00E0EB7A /* ContactVieweriOsTests.swift in Sources */ = {isa = PBXBuildFile; fileRef = D5301B651AD9A7EA00E0EB7A /* ContactVieweriOsTests.swift */; };
		D5301B701AD9A83C00E0EB7A /* Contact.swift in Sources */ = {isa = PBXBuildFile; fileRef = D5301B6F1AD9A83C00E0EB7A /* Contact.swift */; };
		D5301B721AD9BCDF00E0EB7A /* EditViewController.swift in Sources */ = {isa = PBXBuildFile; fileRef = D5301B711AD9BCDF00E0EB7A /* EditViewController.swift */; };
		D5301B741AD9BFD500E0EB7A /* EditViewController.xib in Resources */ = {isa = PBXBuildFile; fileRef = D5301B731AD9BFD500E0EB7A /* EditViewController.xib */; };
/* End PBXBuildFile section */

/* Begin PBXContainerItemProxy section */
		D5301B601AD9A7EA00E0EB7A /* PBXContainerItemProxy */ = {
			isa = PBXContainerItemProxy;
			containerPortal = D5301B401AD9A7EA00E0EB7A /* Project object */;
			proxyType = 1;
			remoteGlobalIDString = D5301B471AD9A7EA00E0EB7A;
			remoteInfo = ContactVieweriOs;
		};
/* End PBXContainerItemProxy section */

/* Begin PBXFileReference section */
		D5301B481AD9A7EA00E0EB7A /* ContactVieweriOs.app */ = {isa = PBXFileReference; explicitFileType = wrapper.application; includeInIndex = 0; path = ContactVieweriOs.app; sourceTree = BUILT_PRODUCTS_DIR; };
		D5301B4C1AD9A7EA00E0EB7A /* Info.plist */ = {isa = PBXFileReference; lastKnownFileType = text.plist.xml; path = Info.plist; sourceTree = "<group>"; };
		D5301B4D1AD9A7EA00E0EB7A /* AppDelegate.swift */ = {isa = PBXFileReference; lastKnownFileType = sourcecode.swift; path = AppDelegate.swift; sourceTree = "<group>"; };
		D5301B4F1AD9A7EA00E0EB7A /* MasterViewController.swift */ = {isa = PBXFileReference; lastKnownFileType = sourcecode.swift; path = MasterViewController.swift; sourceTree = "<group>"; };
		D5301B511AD9A7EA00E0EB7A /* DetailViewController.swift */ = {isa = PBXFileReference; lastKnownFileType = sourcecode.swift; path = DetailViewController.swift; sourceTree = "<group>"; };
		D5301B541AD9A7EA00E0EB7A /* Base */ = {isa = PBXFileReference; lastKnownFileType = file.storyboard; name = Base; path = Base.lproj/Main.storyboard; sourceTree = "<group>"; };
		D5301B561AD9A7EA00E0EB7A /* Images.xcassets */ = {isa = PBXFileReference; lastKnownFileType = folder.assetcatalog; path = Images.xcassets; sourceTree = "<group>"; };
		D5301B591AD9A7EA00E0EB7A /* Base */ = {isa = PBXFileReference; lastKnownFileType = file.xib; name = Base; path = Base.lproj/LaunchScreen.xib; sourceTree = "<group>"; };
		D5301B5F1AD9A7EA00E0EB7A /* ContactVieweriOsTests.xctest */ = {isa = PBXFileReference; explicitFileType = wrapper.cfbundle; includeInIndex = 0; path = ContactVieweriOsTests.xctest; sourceTree = BUILT_PRODUCTS_DIR; };
		D5301B641AD9A7EA00E0EB7A /* Info.plist */ = {isa = PBXFileReference; lastKnownFileType = text.plist.xml; path = Info.plist; sourceTree = "<group>"; };
		D5301B651AD9A7EA00E0EB7A /* ContactVieweriOsTests.swift */ = {isa = PBXFileReference; lastKnownFileType = sourcecode.swift; path = ContactVieweriOsTests.swift; sourceTree = "<group>"; };
		D5301B6F1AD9A83C00E0EB7A /* Contact.swift */ = {isa = PBXFileReference; fileEncoding = 4; lastKnownFileType = sourcecode.swift; path = Contact.swift; sourceTree = "<group>"; };
		D5301B711AD9BCDF00E0EB7A /* EditViewController.swift */ = {isa = PBXFileReference; fileEncoding = 4; lastKnownFileType = sourcecode.swift; path = EditViewController.swift; sourceTree = "<group>"; };
		D5301B731AD9BFD500E0EB7A /* EditViewController.xib */ = {isa = PBXFileReference; fileEncoding = 4; lastKnownFileType = file.xib; path = EditViewController.xib; sourceTree = "<group>"; };
/* End PBXFileReference section */

/* Begin PBXFrameworksBuildPhase section */
		D5301B451AD9A7EA00E0EB7A /* Frameworks */ = {
			isa = PBXFrameworksBuildPhase;
			buildActionMask = 2147483647;
			files = (
			);
			runOnlyForDeploymentPostprocessing = 0;
		};
		D5301B5C1AD9A7EA00E0EB7A /* Frameworks */ = {
			isa = PBXFrameworksBuildPhase;
			buildActionMask = 2147483647;
			files = (
			);
			runOnlyForDeploymentPostprocessing = 0;
		};
/* End PBXFrameworksBuildPhase section */

/* Begin PBXGroup section */
		D5301B3F1AD9A7EA00E0EB7A = {
			isa = PBXGroup;
			children = (
				D5301B4A1AD9A7EA00E0EB7A /* ContactVieweriOs */,
				D5301B621AD9A7EA00E0EB7A /* ContactVieweriOsTests */,
				D5301B491AD9A7EA00E0EB7A /* Products */,
			);
			sourceTree = "<group>";
		};
		D5301B491AD9A7EA00E0EB7A /* Products */ = {
			isa = PBXGroup;
			children = (
				D5301B481AD9A7EA00E0EB7A /* ContactVieweriOs.app */,
				D5301B5F1AD9A7EA00E0EB7A /* ContactVieweriOsTests.xctest */,
			);
			name = Products;
			sourceTree = "<group>";
		};
		D5301B4A1AD9A7EA00E0EB7A /* ContactVieweriOs */ = {
			isa = PBXGroup;
			children = (
				D5301B4D1AD9A7EA00E0EB7A /* AppDelegate.swift */,
				D5301B4F1AD9A7EA00E0EB7A /* MasterViewController.swift */,
				D5301B511AD9A7EA00E0EB7A /* DetailViewController.swift */,
				D5301B531AD9A7EA00E0EB7A /* Main.storyboard */,
				D5301B561AD9A7EA00E0EB7A /* Images.xcassets */,
				D5301B581AD9A7EA00E0EB7A /* LaunchScreen.xib */,
				D5301B4B1AD9A7EA00E0EB7A /* Supporting Files */,
				D5301B6F1AD9A83C00E0EB7A /* Contact.swift */,
				D5301B711AD9BCDF00E0EB7A /* EditViewController.swift */,
				D5301B731AD9BFD500E0EB7A /* EditViewController.xib */,
			);
			path = ContactVieweriOs;
			sourceTree = "<group>";
		};
		D5301B4B1AD9A7EA00E0EB7A /* Supporting Files */ = {
			isa = PBXGroup;
			children = (
				D5301B4C1AD9A7EA00E0EB7A /* Info.plist */,
			);
			name = "Supporting Files";
			sourceTree = "<group>";
		};
		D5301B621AD9A7EA00E0EB7A /* ContactVieweriOsTests */ = {
			isa = PBXGroup;
			children = (
				D5301B651AD9A7EA00E0EB7A /* ContactVieweriOsTests.swift */,
				D5301B631AD9A7EA00E0EB7A /* Supporting Files */,
			);
			path = ContactVieweriOsTests;
			sourceTree = "<group>";
		};
		D5301B631AD9A7EA00E0EB7A /* Supporting Files */ = {
			isa = PBXGroup;
			children = (
				D5301B641AD9A7EA00E0EB7A /* Info.plist */,
			);
			name = "Supporting Files";
			sourceTree = "<group>";
		};
/* End PBXGroup section */

/* Begin PBXNativeTarget section */
		D5301B471AD9A7EA00E0EB7A /* ContactVieweriOs */ = {
			isa = PBXNativeTarget;
			buildConfigurationList = D5301B691AD9A7EA00E0EB7A /* Build configuration list for PBXNativeTarget "ContactVieweriOs" */;
			buildPhases = (
				D5301B441AD9A7EA00E0EB7A /* Sources */,
				D5301B451AD9A7EA00E0EB7A /* Frameworks */,
				D5301B461AD9A7EA00E0EB7A /* Resources */,
			);
			buildRules = (
			);
			dependencies = (
			);
			name = ContactVieweriOs;
			productName = ContactVieweriOs;
			productReference = D5301B481AD9A7EA00E0EB7A /* ContactVieweriOs.app */;
			productType = "com.apple.product-type.application";
		};
		D5301B5E1AD9A7EA00E0EB7A /* ContactVieweriOsTests */ = {
			isa = PBXNativeTarget;
			buildConfigurationList = D5301B6C1AD9A7EA00E0EB7A /* Build configuration list for PBXNativeTarget "ContactVieweriOsTests" */;
			buildPhases = (
				D5301B5B1AD9A7EA00E0EB7A /* Sources */,
				D5301B5C1AD9A7EA00E0EB7A /* Frameworks */,
				D5301B5D1AD9A7EA00E0EB7A /* Resources */,
			);
			buildRules = (
			);
			dependencies = (
				D5301B611AD9A7EA00E0EB7A /* PBXTargetDependency */,
			);
			name = ContactVieweriOsTests;
			productName = ContactVieweriOsTests;
			productReference = D5301B5F1AD9A7EA00E0EB7A /* ContactVieweriOsTests.xctest */;
			productType = "com.apple.product-type.bundle.unit-test";
		};
/* End PBXNativeTarget section */

/* Begin PBXProject section */
		D5301B401AD9A7EA00E0EB7A /* Project object */ = {
			isa = PBXProject;
			attributes = {
				LastUpgradeCheck = 0610;
				ORGANIZATIONNAME = "Ryan Trosvig";
				TargetAttributes = {
					D5301B471AD9A7EA00E0EB7A = {
						CreatedOnToolsVersion = 6.1.1;
					};
					D5301B5E1AD9A7EA00E0EB7A = {
						CreatedOnToolsVersion = 6.1.1;
						TestTargetID = D5301B471AD9A7EA00E0EB7A;
					};
				};
			};
			buildConfigurationList = D5301B431AD9A7EA00E0EB7A /* Build configuration list for PBXProject "ContactVieweriOs" */;
			compatibilityVersion = "Xcode 3.2";
			developmentRegion = English;
			hasScannedForEncodings = 0;
			knownRegions = (
				en,
				Base,
			);
			mainGroup = D5301B3F1AD9A7EA00E0EB7A;
			productRefGroup = D5301B491AD9A7EA00E0EB7A /* Products */;
			projectDirPath = "";
			projectRoot = "";
			targets = (
				D5301B471AD9A7EA00E0EB7A /* ContactVieweriOs */,
				D5301B5E1AD9A7EA00E0EB7A /* ContactVieweriOsTests */,
			);
		};
/* End PBXProject section */

/* Begin PBXResourcesBuildPhase section */
		D5301B461AD9A7EA00E0EB7A /* Resources */ = {
			isa = PBXResourcesBuildPhase;
			buildActionMask = 2147483647;
			files = (
				D5301B741AD9BFD500E0EB7A /* EditViewController.xib in Resources */,
				D5301B551AD9A7EA00E0EB7A /* Main.storyboard in Resources */,
				D5301B5A1AD9A7EA00E0EB7A /* LaunchScreen.xib in Resources */,
				D5301B571AD9A7EA00E0EB7A /* Images.xcassets in Resources */,
			);
			runOnlyForDeploymentPostprocessing = 0;
		};
		D5301B5D1AD9A7EA00E0EB7A /* Resources */ = {
			isa = PBXResourcesBuildPhase;
			buildActionMask = 2147483647;
			files = (
			);
			runOnlyForDeploymentPostprocessing = 0;
		};
/* End PBXResourcesBuildPhase section */

/* Begin PBXSourcesBuildPhase section */
		D5301B441AD9A7EA00E0EB7A /* Sources */ = {
			isa = PBXSourcesBuildPhase;
			buildActionMask = 2147483647;
			files = (
				D5301B721AD9BCDF00E0EB7A /* EditViewController.swift in Sources */,
				D5301B701AD9A83C00E0EB7A /* Contact.swift in Sources */,
				D5301B521AD9A7EA00E0EB7A /* DetailViewController.swift in Sources */,
				D5301B501AD9A7EA00E0EB7A /* MasterViewController.swift in Sources */,
				D5301B4E1AD9A7EA00E0EB7A /* AppDelegate.swift in Sources */,
			);
			runOnlyForDeploymentPostprocessing = 0;
		};
		D5301B5B1AD9A7EA00E0EB7A /* Sources */ = {
			isa = PBXSourcesBuildPhase;
			buildActionMask = 2147483647;
			files = (
				D5301B661AD9A7EA00E0EB7A /* ContactVieweriOsTests.swift in Sources */,
			);
			runOnlyForDeploymentPostprocessing = 0;
		};
/* End PBXSourcesBuildPhase section */

/* Begin PBXTargetDependency section */
		D5301B611AD9A7EA00E0EB7A /* PBXTargetDependency */ = {
			isa = PBXTargetDependency;
			target = D5301B471AD9A7EA00E0EB7A /* ContactVieweriOs */;
			targetProxy = D5301B601AD9A7EA00E0EB7A /* PBXContainerItemProxy */;
		};
/* End PBXTargetDependency section */

/* Begin PBXVariantGroup section */
		D5301B531AD9A7EA00E0EB7A /* Main.storyboard */ = {
			isa = PBXVariantGroup;
			children = (
				D5301B541AD9A7EA00E0EB7A /* Base */,
			);
			name = Main.storyboard;
			sourceTree = "<group>";
		};
		D5301B581AD9A7EA00E0EB7A /* LaunchScreen.xib */ = {
			isa = PBXVariantGroup;
			children = (
				D5301B591AD9A7EA00E0EB7A /* Base */,
			);
			name = LaunchScreen.xib;
			sourceTree = "<group>";
		};
/* End PBXVariantGroup section */

/* Begin XCBuildConfiguration section */
		D5301B671AD9A7EA00E0EB7A /* Debug */ = {
			isa = XCBuildConfiguration;
			buildSettings = {
				ALWAYS_SEARCH_USER_PATHS = NO;
				CLANG_CXX_LANGUAGE_STANDARD = "gnu++0x";
				CLANG_CXX_LIBRARY = "libc++";
				CLANG_ENABLE_MODULES = YES;
				CLANG_ENABLE_OBJC_ARC = YES;
				CLANG_WARN_BOOL_CONVERSION = YES;
				CLANG_WARN_CONSTANT_CONVERSION = YES;
				CLANG_WARN_DIRECT_OBJC_ISA_USAGE = YES_ERROR;
				CLANG_WARN_EMPTY_BODY = YES;
				CLANG_WARN_ENUM_CONVERSION = YES;
				CLANG_WARN_INT_CONVERSION = YES;
				CLANG_WARN_OBJC_ROOT_CLASS = YES_ERROR;
				CLANG_WARN_UNREACHABLE_CODE = YES;
				CLANG_WARN__DUPLICATE_METHOD_MATCH = YES;
				"CODE_SIGN_IDENTITY[sdk=iphoneos*]" = "iPhone Developer";
				COPY_PHASE_STRIP = NO;
				ENABLE_STRICT_OBJC_MSGSEND = YES;
				GCC_C_LANGUAGE_STANDARD = gnu99;
				GCC_DYNAMIC_NO_PIC = NO;
				GCC_OPTIMIZATION_LEVEL = 0;
				GCC_PREPROCESSOR_DEFINITIONS = (
					"DEBUG=1",
					"$(inherited)",
				);
				GCC_SYMBOLS_PRIVATE_EXTERN = NO;
				GCC_WARN_64_TO_32_BIT_CONVERSION = YES;
				GCC_WARN_ABOUT_RETURN_TYPE = YES_ERROR;
				GCC_WARN_UNDECLARED_SELECTOR = YES;
				GCC_WARN_UNINITIALIZED_AUTOS = YES_AGGRESSIVE;
				GCC_WARN_UNUSED_FUNCTION = YES;
				GCC_WARN_UNUSED_VARIABLE = YES;
				IPHONEOS_DEPLOYMENT_TARGET = 8.1;
				MTL_ENABLE_DEBUG_INFO = YES;
				ONLY_ACTIVE_ARCH = YES;
				SDKROOT = iphoneos;
				SWIFT_OPTIMIZATION_LEVEL = "-Onone";
				TARGETED_DEVICE_FAMILY = "1,2";
			};
			name = Debug;
		};
		D5301B681AD9A7EA00E0EB7A /* Release */ = {
			isa = XCBuildConfiguration;
			buildSettings = {
				ALWAYS_SEARCH_USER_PATHS = NO;
				CLANG_CXX_LANGUAGE_STANDARD = "gnu++0x";
				CLANG_CXX_LIBRARY = "libc++";
				CLANG_ENABLE_MODULES = YES;
				CLANG_ENABLE_OBJC_ARC = YES;
				CLANG_WARN_BOOL_CONVERSION = YES;
				CLANG_WARN_CONSTANT_CONVERSION = YES;
				CLANG_WARN_DIRECT_OBJC_ISA_USAGE = YES_ERROR;
				CLANG_WARN_EMPTY_BODY = YES;
				CLANG_WARN_ENUM_CONVERSION = YES;
				CLANG_WARN_INT_CONVERSION = YES;
				CLANG_WARN_OBJC_ROOT_CLASS = YES_ERROR;
				CLANG_WARN_UNREACHABLE_CODE = YES;
				CLANG_WARN__DUPLICATE_METHOD_MATCH = YES;
				"CODE_SIGN_IDENTITY[sdk=iphoneos*]" = "iPhone Developer";
				COPY_PHASE_STRIP = YES;
				ENABLE_NS_ASSERTIONS = NO;
				ENABLE_STRICT_OBJC_MSGSEND = YES;
				GCC_C_LANGUAGE_STANDARD = gnu99;
				GCC_WARN_64_TO_32_BIT_CONVERSION = YES;
				GCC_WARN_ABOUT_RETURN_TYPE = YES_ERROR;
				GCC_WARN_UNDECLARED_SELECTOR = YES;
				GCC_WARN_UNINITIALIZED_AUTOS = YES_AGGRESSIVE;
				GCC_WARN_UNUSED_FUNCTION = YES;
				GCC_WARN_UNUSED_VARIABLE = YES;
				IPHONEOS_DEPLOYMENT_TARGET = 8.1;
				MTL_ENABLE_DEBUG_INFO = NO;
				SDKROOT = iphoneos;
				TARGETED_DEVICE_FAMILY = "1,2";
				VALIDATE_PRODUCT = YES;
			};
			name = Release;
		};
		D5301B6A1AD9A7EA00E0EB7A /* Debug */ = {
			isa = XCBuildConfiguration;
			buildSettings = {
				ASSETCATALOG_COMPILER_APPICON_NAME = AppIcon;
				INFOPLIST_FILE = ContactVieweriOs/Info.plist;
				LD_RUNPATH_SEARCH_PATHS = "$(inherited) @executable_path/Frameworks";
				PRODUCT_NAME = "$(TARGET_NAME)";
			};
			name = Debug;
		};
		D5301B6B1AD9A7EA00E0EB7A /* Release */ = {
			isa = XCBuildConfiguration;
			buildSettings = {
				ASSETCATALOG_COMPILER_APPICON_NAME = AppIcon;
				INFOPLIST_FILE = ContactVieweriOs/Info.plist;
				LD_RUNPATH_SEARCH_PATHS = "$(inherited) @executable_path/Frameworks";
				PRODUCT_NAME = "$(TARGET_NAME)";
			};
			name = Release;
		};
		D5301B6D1AD9A7EA00E0EB7A /* Debug */ = {
			isa = XCBuildConfiguration;
			buildSettings = {
				BUNDLE_LOADER = "$(TEST_HOST)";
				FRAMEWORK_SEARCH_PATHS = (
					"$(SDKROOT)/Developer/Library/Frameworks",
					"$(inherited)",
				);
				GCC_PREPROCESSOR_DEFINITIONS = (
					"DEBUG=1",
					"$(inherited)",
				);
				INFOPLIST_FILE = ContactVieweriOsTests/Info.plist;
				LD_RUNPATH_SEARCH_PATHS = "$(inherited) @executable_path/Frameworks @loader_path/Frameworks";
				PRODUCT_NAME = "$(TARGET_NAME)";
				TEST_HOST = "$(BUILT_PRODUCTS_DIR)/ContactVieweriOs.app/ContactVieweriOs";
			};
			name = Debug;
		};
		D5301B6E1AD9A7EA00E0EB7A /* Release */ = {
			isa = XCBuildConfiguration;
			buildSettings = {
				BUNDLE_LOADER = "$(TEST_HOST)";
				FRAMEWORK_SEARCH_PATHS = (
					"$(SDKROOT)/Developer/Library/Frameworks",
					"$(inherited)",
				);
				INFOPLIST_FILE = ContactVieweriOsTests/Info.plist;
				LD_RUNPATH_SEARCH_PATHS = "$(inherited) @executable_path/Frameworks @loader_path/Frameworks";
				PRODUCT_NAME = "$(TARGET_NAME)";
				TEST_HOST = "$(BUILT_PRODUCTS_DIR)/ContactVieweriOs.app/ContactVieweriOs";
			};
			name = Release;
		};
/* End XCBuildConfiguration section */

/* Begin XCConfigurationList section */
		D5301B431AD9A7EA00E0EB7A /* Build configuration list for PBXProject "ContactVieweriOs" */ = {
			isa = XCConfigurationList;
			buildConfigurations = (
				D5301B671AD9A7EA00E0EB7A /* Debug */,
				D5301B681AD9A7EA00E0EB7A /* Release */,
			);
			defaultConfigurationIsVisible = 0;
			defaultConfigurationName = Release;
		};
		D5301B691AD9A7EA00E0EB7A /* Build configuration list for PBXNativeTarget "ContactVieweriOs" */ = {
			isa = XCConfigurationList;
			buildConfigurations = (
				D5301B6A1AD9A7EA00E0EB7A /* Debug */,
				D5301B6B1AD9A7EA00E0EB7A /* Release */,
			);
			defaultConfigurationIsVisible = 0;
		};
		D5301B6C1AD9A7EA00E0EB7A /* Build configuration list for PBXNativeTarget "ContactVieweriOsTests" */ = {
			isa = XCConfigurationList;
			buildConfigurations = (
				D5301B6D1AD9A7EA00E0EB7A /* Debug */,
				D5301B6E1AD9A7EA00E0EB7A /* Release */,
			);
			defaultConfigurationIsVisible = 0;
		};
/* End XCConfigurationList section */
	};
	rootObject = D5301B401AD9A7EA00E0EB7A /* Project object */;
}
